// !$*UTF8*$!
{
	archiveVersion = 1;
	classes = {
	};
	objectVersion = 56;
	objects = {

/* Begin PBXBuildFile section */
		F24B44E92AC1CDEC000555D1 /* AppDelegate.swift in Sources */ = {isa = PBXBuildFile; fileRef = F24B44E82AC1CDEC000555D1 /* AppDelegate.swift */; };
		F24B44EB2AC1CDEC000555D1 /* SceneDelegate.swift in Sources */ = {isa = PBXBuildFile; fileRef = F24B44EA2AC1CDEC000555D1 /* SceneDelegate.swift */; };
		F24B44ED2AC1CDEC000555D1 /* MainViewController.swift in Sources */ = {isa = PBXBuildFile; fileRef = F24B44EC2AC1CDEC000555D1 /* MainViewController.swift */; };
		F24B44F02AC1CDEC000555D1 /* Main.storyboard in Resources */ = {isa = PBXBuildFile; fileRef = F24B44EE2AC1CDEC000555D1 /* Main.storyboard */; };
		F24B44F22AC1CDED000555D1 /* Assets.xcassets in Resources */ = {isa = PBXBuildFile; fileRef = F24B44F12AC1CDED000555D1 /* Assets.xcassets */; };
		F24B44F52AC1CDED000555D1 /* LaunchScreen.storyboard in Resources */ = {isa = PBXBuildFile; fileRef = F24B44F32AC1CDED000555D1 /* LaunchScreen.storyboard */; };
		F24B44FD2AC1D45F000555D1 /* DetailViewController.swift in Sources */ = {isa = PBXBuildFile; fileRef = F24B44FC2AC1D45F000555D1 /* DetailViewController.swift */; };
		F24B44FF2AC1D4D8000555D1 /* FamilyMembers.swift in Sources */ = {isa = PBXBuildFile; fileRef = F24B44FE2AC1D4D8000555D1 /* FamilyMembers.swift */; };
		F25D651F2AF60AF9001E0546 /* FamilyMemberListTableViewController.swift in Sources */ = {isa = PBXBuildFile; fileRef = F25D651E2AF60AF9001E0546 /* FamilyMemberListTableViewController.swift */; };
/* End PBXBuildFile section */

/* Begin PBXFileReference section */
		F24B44E52AC1CDEC000555D1 /* IntroduceYourFamily.app */ = {isa = PBXFileReference; explicitFileType = wrapper.application; includeInIndex = 0; path = IntroduceYourFamily.app; sourceTree = BUILT_PRODUCTS_DIR; };
		F24B44E82AC1CDEC000555D1 /* AppDelegate.swift */ = {isa = PBXFileReference; lastKnownFileType = sourcecode.swift; path = AppDelegate.swift; sourceTree = "<group>"; };
		F24B44EA2AC1CDEC000555D1 /* SceneDelegate.swift */ = {isa = PBXFileReference; lastKnownFileType = sourcecode.swift; path = SceneDelegate.swift; sourceTree = "<group>"; };
		F24B44EC2AC1CDEC000555D1 /* MainViewController.swift */ = {isa = PBXFileReference; lastKnownFileType = sourcecode.swift; path = MainViewController.swift; sourceTree = "<group>"; };
		F24B44EF2AC1CDEC000555D1 /* Base */ = {isa = PBXFileReference; lastKnownFileType = file.storyboard; name = Base; path = Base.lproj/Main.storyboard; sourceTree = "<group>"; };
		F24B44F12AC1CDED000555D1 /* Assets.xcassets */ = {isa = PBXFileReference; lastKnownFileType = folder.assetcatalog; path = Assets.xcassets; sourceTree = "<group>"; };
		F24B44F42AC1CDED000555D1 /* Base */ = {isa = PBXFileReference; lastKnownFileType = file.storyboard; name = Base; path = Base.lproj/LaunchScreen.storyboard; sourceTree = "<group>"; };
		F24B44F62AC1CDED000555D1 /* Info.plist */ = {isa = PBXFileReference; lastKnownFileType = text.plist.xml; path = Info.plist; sourceTree = "<group>"; };
		F24B44FC2AC1D45F000555D1 /* DetailViewController.swift */ = {isa = PBXFileReference; lastKnownFileType = sourcecode.swift; path = DetailViewController.swift; sourceTree = "<group>"; };
		F24B44FE2AC1D4D8000555D1 /* FamilyMembers.swift */ = {isa = PBXFileReference; lastKnownFileType = sourcecode.swift; path = FamilyMembers.swift; sourceTree = "<group>"; };
		F25D651E2AF60AF9001E0546 /* FamilyMemberListTableViewController.swift */ = {isa = PBXFileReference; lastKnownFileType = sourcecode.swift; path = FamilyMemberListTableViewController.swift; sourceTree = "<group>"; };
/* End PBXFileReference section */

/* Begin PBXFrameworksBuildPhase section */
		F24B44E22AC1CDEC000555D1 /* Frameworks */ = {
			isa = PBXFrameworksBuildPhase;
			buildActionMask = 2147483647;
			files = (
			);
			runOnlyForDeploymentPostprocessing = 0;
		};
/* End PBXFrameworksBuildPhase section */

/* Begin PBXGroup section */
		F24B44DC2AC1CDEC000555D1 = {
			isa = PBXGroup;
			children = (
				F24B44E72AC1CDEC000555D1 /* IntroduceYourFamily */,
				F24B44E62AC1CDEC000555D1 /* Products */,
			);
			sourceTree = "<group>";
		};
		F24B44E62AC1CDEC000555D1 /* Products */ = {
			isa = PBXGroup;
			children = (
				F24B44E52AC1CDEC000555D1 /* IntroduceYourFamily.app */,
			);
			name = Products;
			sourceTree = "<group>";
		};
		F24B44E72AC1CDEC000555D1 /* IntroduceYourFamily */ = {
			isa = PBXGroup;
			children = (
				F24B44E82AC1CDEC000555D1 /* AppDelegate.swift */,
				F24B44EA2AC1CDEC000555D1 /* SceneDelegate.swift */,
				F24B44EC2AC1CDEC000555D1 /* MainViewController.swift */,
				F24B44EE2AC1CDEC000555D1 /* Main.storyboard */,
				F24B44F12AC1CDED000555D1 /* Assets.xcassets */,
				F24B44FC2AC1D45F000555D1 /* DetailViewController.swift */,
				F24B44FE2AC1D4D8000555D1 /* FamilyMembers.swift */,
				F25D651E2AF60AF9001E0546 /* FamilyMemberListTableViewController.swift */,
				F24B44F32AC1CDED000555D1 /* LaunchScreen.storyboard */,
				F24B44F62AC1CDED000555D1 /* Info.plist */,
			);
			path = IntroduceYourFamily;
			sourceTree = "<group>";
		};
/* End PBXGroup section */

/* Begin PBXNativeTarget section */
		F24B44E42AC1CDEC000555D1 /* IntroduceYourFamily */ = {
			isa = PBXNativeTarget;
			buildConfigurationList = F24B44F92AC1CDED000555D1 /* Build configuration list for PBXNativeTarget "IntroduceYourFamily" */;
			buildPhases = (
				F24B44E12AC1CDEC000555D1 /* Sources */,
				F24B44E22AC1CDEC000555D1 /* Frameworks */,
				F24B44E32AC1CDEC000555D1 /* Resources */,
			);
			buildRules = (
			);
			dependencies = (
			);
			name = IntroduceYourFamily;
			productName = IntroduceYourFamily;
			productReference = F24B44E52AC1CDEC000555D1 /* IntroduceYourFamily.app */;
			productType = "com.apple.product-type.application";
		};
/* End PBXNativeTarget section */

/* Begin PBXProject section */
		F24B44DD2AC1CDEC000555D1 /* Project object */ = {
			isa = PBXProject;
			attributes = {
				BuildIndependentTargetsInParallel = 1;
				LastSwiftUpdateCheck = 1430;
				LastUpgradeCheck = 1430;
				TargetAttributes = {
					F24B44E42AC1CDEC000555D1 = {
						CreatedOnToolsVersion = 14.3.1;
					};
				};
			};
			buildConfigurationList = F24B44E02AC1CDEC000555D1 /* Build configuration list for PBXProject "IntroduceYourFamily" */;
			compatibilityVersion = "Xcode 14.0";
			developmentRegion = en;
			hasScannedForEncodings = 0;
			knownRegions = (
				en,
				Base,
			);
			mainGroup = F24B44DC2AC1CDEC000555D1;
			productRefGroup = F24B44E62AC1CDEC000555D1 /* Products */;
			projectDirPath = "";
			projectRoot = "";
			targets = (
				F24B44E42AC1CDEC000555D1 /* IntroduceYourFamily */,
			);
		};
/* End PBXProject section */

/* Begin PBXResourcesBuildPhase section */
		F24B44E32AC1CDEC000555D1 /* Resources */ = {
			isa = PBXResourcesBuildPhase;
			buildActionMask = 2147483647;
			files = (
				F24B44F52AC1CDED000555D1 /* LaunchScreen.storyboard in Resources */,
				F24B44F22AC1CDED000555D1 /* Assets.xcassets in Resources */,
				F24B44F02AC1CDEC000555D1 /* Main.storyboard in Resources */,
			);
			runOnlyForDeploymentPostprocessing = 0;
		};
/* End PBXResourcesBuildPhase section */

/* Begin PBXSourcesBuildPhase section */
		F24B44E12AC1CDEC000555D1 /* Sources */ = {
			isa = PBXSourcesBuildPhase;
			buildActionMask = 2147483647;
			files = (
				F24B44ED2AC1CDEC000555D1 /* MainViewController.swift in Sources */,
				F24B44E92AC1CDEC000555D1 /* AppDelegate.swift in Sources */,
				F24B44EB2AC1CDEC000555D1 /* SceneDelegate.swift in Sources */,
				F25D651F2AF60AF9001E0546 /* FamilyMemberListTableViewController.swift in Sources */,
				F24B44FD2AC1D45F000555D1 /* DetailViewController.swift in Sources */,
				F24B44FF2AC1D4D8000555D1 /* FamilyMembers.swift in Sources */,
			);
			runOnlyForDeploymentPostprocessing = 0;
		};
/* End PBXSourcesBuildPhase section */

/* Begin PBXVariantGroup section */
		F24B44EE2AC1CDEC000555D1 /* Main.storyboard */ = {
			isa = PBXVariantGroup;
			children = (
				F24B44EF2AC1CDEC000555D1 /* Base */,
			);
			name = Main.storyboard;
			sourceTree = "<group>";
		};
		F24B44F32AC1CDED000555D1 /* LaunchScreen.storyboard */ = {
			isa = PBXVariantGroup;
			children = (
				F24B44F42AC1CDED000555D1 /* Base */,
			);
			name = LaunchScreen.storyboard;
			sourceTree = "<group>";
		};
/* End PBXVariantGroup section */

/* Begin XCBuildConfiguration section */
		F24B44F72AC1CDED000555D1 /* Debug */ = {
			isa = XCBuildConfiguration;
			buildSettings = {
				ALWAYS_SEARCH_USER_PATHS = NO;
				CLANG_ANALYZER_NONNULL = YES;
				CLANG_ANALYZER_NUMBER_OBJECT_CONVERSION = YES_AGGRESSIVE;
				CLANG_CXX_LANGUAGE_STANDARD = "gnu++20";
				CLANG_ENABLE_MODULES = YES;
				CLANG_ENABLE_OBJC_ARC = YES;
				CLANG_ENABLE_OBJC_WEAK = YES;
				CLANG_WARN_BLOCK_CAPTURE_AUTORELEASING = YES;
				CLANG_WARN_BOOL_CONVERSION = YES;
				CLANG_WARN_COMMA = YES;
				CLANG_WARN_CONSTANT_CONVERSION = YES;
				CLANG_WARN_DEPRECATED_OBJC_IMPLEMENTATIONS = YES;
				CLANG_WARN_DIRECT_OBJC_ISA_USAGE = YES_ERROR;
				CLANG_WARN_DOCUMENTATION_COMMENTS = YES;
				CLANG_WARN_EMPTY_BODY = YES;
				CLANG_WARN_ENUM_CONVERSION = YES;
				CLANG_WARN_INFINITE_RECURSION = YES;
				CLANG_WARN_INT_CONVERSION = YES;
				CLANG_WARN_NON_LITERAL_NULL_CONVERSION = YES;
				CLANG_WARN_OBJC_IMPLICIT_RETAIN_SELF = YES;
				CLANG_WARN_OBJC_LITERAL_CONVERSION = YES;
				CLANG_WARN_OBJC_ROOT_CLASS = YES_ERROR;
				CLANG_WARN_QUOTED_INCLUDE_IN_FRAMEWORK_HEADER = YES;
				CLANG_WARN_RANGE_LOOP_ANALYSIS = YES;
				CLANG_WARN_STRICT_PROTOTYPES = YES;
				CLANG_WARN_SUSPICIOUS_MOVE = YES;
				CLANG_WARN_UNGUARDED_AVAILABILITY = YES_AGGRESSIVE;
				CLANG_WARN_UNREACHABLE_CODE = YES;
				CLANG_WARN__DUPLICATE_METHOD_MATCH = YES;
				COPY_PHASE_STRIP = NO;
				DEBUG_INFORMATION_FORMAT = dwarf;
				ENABLE_STRICT_OBJC_MSGSEND = YES;
				ENABLE_TESTABILITY = YES;
				GCC_C_LANGUAGE_STANDARD = gnu11;
				GCC_DYNAMIC_NO_PIC = NO;
				GCC_NO_COMMON_BLOCKS = YES;
				GCC_OPTIMIZATION_LEVEL = 0;
				GCC_PREPROCESSOR_DEFINITIONS = (
					"DEBUG=1",
					"$(inherited)",
				);
				GCC_WARN_64_TO_32_BIT_CONVERSION = YES;
				GCC_WARN_ABOUT_RETURN_TYPE = YES_ERROR;
				GCC_WARN_UNDECLARED_SELECTOR = YES;
				GCC_WARN_UNINITIALIZED_AUTOS = YES_AGGRESSIVE;
				GCC_WARN_UNUSED_FUNCTION = YES;
				GCC_WARN_UNUSED_VARIABLE = YES;
				IPHONEOS_DEPLOYMENT_TARGET = 16.4;
				MTL_ENABLE_DEBUG_INFO = INCLUDE_SOURCE;
				MTL_FAST_MATH = YES;
				ONLY_ACTIVE_ARCH = YES;
				SDKROOT = iphoneos;
				SWIFT_ACTIVE_COMPILATION_CONDITIONS = DEBUG;
				SWIFT_OPTIMIZATION_LEVEL = "-Onone";
			};
			name = Debug;
		};
		F24B44F82AC1CDED000555D1 /* Release */ = {
			isa = XCBuildConfiguration;
			buildSettings = {
				ALWAYS_SEARCH_USER_PATHS = NO;
				CLANG_ANALYZER_NONNULL = YES;
				CLANG_ANALYZER_NUMBER_OBJECT_CONVERSION = YES_AGGRESSIVE;
				CLANG_CXX_LANGUAGE_STANDARD = "gnu++20";
				CLANG_ENABLE_MODULES = YES;
				CLANG_ENABLE_OBJC_ARC = YES;
				CLANG_ENABLE_OBJC_WEAK = YES;
				CLANG_WARN_BLOCK_CAPTURE_AUTORELEASING = YES;
				CLANG_WARN_BOOL_CONVERSION = YES;
				CLANG_WARN_COMMA = YES;
				CLANG_WARN_CONSTANT_CONVERSION = YES;
				CLANG_WARN_DEPRECATED_OBJC_IMPLEMENTATIONS = YES;
				CLANG_WARN_DIRECT_OBJC_ISA_USAGE = YES_ERROR;
				CLANG_WARN_DOCUMENTATION_COMMENTS = YES;
				CLANG_WARN_EMPTY_BODY = YES;
				CLANG_WARN_ENUM_CONVERSION = YES;
				CLANG_WARN_INFINITE_RECURSION = YES;
				CLANG_WARN_INT_CONVERSION = YES;
				CLANG_WARN_NON_LITERAL_NULL_CONVERSION = YES;
				CLANG_WARN_OBJC_IMPLICIT_RETAIN_SELF = YES;
				CLANG_WARN_OBJC_LITERAL_CONVERSION = YES;
				CLANG_WARN_OBJC_ROOT_CLASS = YES_ERROR;
				CLANG_WARN_QUOTED_INCLUDE_IN_FRAMEWORK_HEADER = YES;
				CLANG_WARN_RANGE_LOOP_ANALYSIS = YES;
				CLANG_WARN_STRICT_PROTOTYPES = YES;
				CLANG_WARN_SUSPICIOUS_MOVE = YES;
				CLANG_WARN_UNGUARDED_AVAILABILITY = YES_AGGRESSIVE;
				CLANG_WARN_UNREACHABLE_CODE = YES;
				CLANG_WARN__DUPLICATE_METHOD_MATCH = YES;
				COPY_PHASE_STRIP = NO;
				DEBUG_INFORMATION_FORMAT = "dwarf-with-dsym";
				ENABLE_NS_ASSERTIONS = NO;
				ENABLE_STRICT_OBJC_MSGSEND = YES;
				GCC_C_LANGUAGE_STANDARD = gnu11;
				GCC_NO_COMMON_BLOCKS = YES;
				GCC_WARN_64_TO_32_BIT_CONVERSION = YES;
				GCC_WARN_ABOUT_RETURN_TYPE = YES_ERROR;
				GCC_WARN_UNDECLARED_SELECTOR = YES;
				GCC_WARN_UNINITIALIZED_AUTOS = YES_AGGRESSIVE;
				GCC_WARN_UNUSED_FUNCTION = YES;
				GCC_WARN_UNUSED_VARIABLE = YES;
				IPHONEOS_DEPLOYMENT_TARGET = 16.4;
				MTL_ENABLE_DEBUG_INFO = NO;
				MTL_FAST_MATH = YES;
				SDKROOT = iphoneos;
				SWIFT_COMPILATION_MODE = wholemodule;
				SWIFT_OPTIMIZATION_LEVEL = "-O";
				VALIDATE_PRODUCT = YES;
			};
			name = Release;
		};
		F24B44FA2AC1CDED000555D1 /* Debug */ = {
			isa = XCBuildConfiguration;
			buildSettings = {
				ASSETCATALOG_COMPILER_APPICON_NAME = AppIcon;
				ASSETCATALOG_COMPILER_GLOBAL_ACCENT_COLOR_NAME = AccentColor;
				CODE_SIGN_STYLE = Automatic;
				CURRENT_PROJECT_VERSION = 1;
				DEVELOPMENT_TEAM = CJP79XKU8U;
				GENERATE_INFOPLIST_FILE = YES;
				INFOPLIST_FILE = IntroduceYourFamily/Info.plist;
				INFOPLIST_KEY_UIApplicationSupportsIndirectInputEvents = YES;
				INFOPLIST_KEY_UILaunchStoryboardName = LaunchScreen;
				INFOPLIST_KEY_UIMainStoryboardFile = Main;
				INFOPLIST_KEY_UISupportedInterfaceOrientations_iPad = "UIInterfaceOrientationPortrait UIInterfaceOrientationPortraitUpsideDown UIInterfaceOrientationLandscapeLeft UIInterfaceOrientationLandscapeRight";
				INFOPLIST_KEY_UISupportedInterfaceOrientations_iPhone = "UIInterfaceOrientationPortrait UIInterfaceOrientationLandscapeLeft UIInterfaceOrientationLandscapeRight";
				LD_RUNPATH_SEARCH_PATHS = (
					"$(inherited)",
					"@executable_path/Frameworks",
				);
				MARKETING_VERSION = 1.0;
				PRODUCT_BUNDLE_IDENTIFIER = jacobdavis.IntroduceYourFamily;
				PRODUCT_NAME = "$(TARGET_NAME)";
				SWIFT_EMIT_LOC_STRINGS = YES;
				SWIFT_VERSION = 5.0;
				TARGETED_DEVICE_FAMILY = "1,2";
			};
			name = Debug;
		};
		F24B44FB2AC1CDED000555D1 /* Release */ = {
			isa = XCBuildConfiguration;
			buildSettings = {
				ASSETCATALOG_COMPILER_APPICON_NAME = AppIcon;
				ASSETCATALOG_COMPILER_GLOBAL_ACCENT_COLOR_NAME = AccentColor;
				CODE_SIGN_STYLE = Automatic;
				CURRENT_PROJECT_VERSION = 1;
				DEVELOPMENT_TEAM = CJP79XKU8U;
				GENERATE_INFOPLIST_FILE = YES;
				INFOPLIST_FILE = IntroduceYourFamily/Info.plist;
				INFOPLIST_KEY_UIApplicationSupportsIndirectInputEvents = YES;
				INFOPLIST_KEY_UILaunchStoryboardName = LaunchScreen;
				INFOPLIST_KEY_UIMainStoryboardFile = Main;
				INFOPLIST_KEY_UISupportedInterfaceOrientations_iPad = "UIInterfaceOrientationPortrait UIInterfaceOrientationPortraitUpsideDown UIInterfaceOrientationLandscapeLeft UIInterfaceOrientationLandscapeRight";
				INFOPLIST_KEY_UISupportedInterfaceOrientations_iPhone = "UIInterfaceOrientationPortrait UIInterfaceOrientationLandscapeLeft UIInterfaceOrientationLandscapeRight";
				LD_RUNPATH_SEARCH_PATHS = (
					"$(inherited)",
					"@executable_path/Frameworks",
				);
				MARKETING_VERSION = 1.0;
				PRODUCT_BUNDLE_IDENTIFIER = jacobdavis.IntroduceYourFamily;
				PRODUCT_NAME = "$(TARGET_NAME)";
				SWIFT_EMIT_LOC_STRINGS = YES;
				SWIFT_VERSION = 5.0;
				TARGETED_DEVICE_FAMILY = "1,2";
			};
			name = Release;
		};
/* End XCBuildConfiguration section */

/* Begin XCConfigurationList section */
		F24B44E02AC1CDEC000555D1 /* Build configuration list for PBXProject "IntroduceYourFamily" */ = {
			isa = XCConfigurationList;
			buildConfigurations = (
				F24B44F72AC1CDED000555D1 /* Debug */,
				F24B44F82AC1CDED000555D1 /* Release */,
			);
			defaultConfigurationIsVisible = 0;
			defaultConfigurationName = Release;
		};
		F24B44F92AC1CDED000555D1 /* Build configuration list for PBXNativeTarget "IntroduceYourFamily" */ = {
			isa = XCConfigurationList;
			buildConfigurations = (
				F24B44FA2AC1CDED000555D1 /* Debug */,
				F24B44FB2AC1CDED000555D1 /* Release */,
			);
			defaultConfigurationIsVisible = 0;
			defaultConfigurationName = Release;
		};
/* End XCConfigurationList section */
	};
	rootObject = F24B44DD2AC1CDEC000555D1 /* Project object */;
}
